{
  "name": "LLMSoSComp",
  "lockfileVersion": 3,
  "requires": true,
  "packages": {
    "": {
      "dependencies": {
        "@node-red-contrib-themes/theme-collection": "^4.1.0"
      }
    },
    "node_modules/@node-red-contrib-themes/theme-collection": {
      "version": "4.1.0",
      "resolved": "https://registry.npmjs.org/@node-red-contrib-themes/theme-collection/-/theme-collection-4.1.0.tgz",
      "integrity": "sha512-zzvD3aR0Asotd6Jpn+TyjPJ/dgScmhJnkMcjxFalqVQ4Hsbk53npsvcttBjtwidgs0OXVTFM33NQwMShDN5UgA==",
      "license": "MIT"
    }
  }
}
